
Microsoft Visual Studio Solution File, Format Version 12.00
# Visual Studio Version 16
VisualStudioVersion = 16.0.31624.102
MinimumVisualStudioVersion = 10.0.40219.1
Project("{FAE04EC0-301F-11D3-BF4B-00C04F79EFBC}") = "BasicSpeedExample", "BasicSpeedExample\BasicSpeedExample.csproj", "{5AE70DA2-C192-4DB8-B981-C0869AEBA5C1}"
EndProject
Global
	GlobalSection(SolutionConfigurationPlatforms) = preSolution
		Debug|Any CPU = Debug|Any CPU
		Debug|x64 = Debug|x64
		Release|Any CPU = Release|Any CPU
		Release|x64 = Release|x64
	EndGlobalSection
	GlobalSection(ProjectConfigurationPlatforms) = postSolution
		{5AE70DA2-C192-4DB8-B981-C0869AEBA5C1}.Debug|Any CPU.ActiveCfg = Debug|Any CPU
		{5AE70DA2-C192-4DB8-B981-C0869AEBA5C1}.Debug|Any CPU.Build.0 = Debug|Any CPU
		{5AE70DA2-C192-4DB8-B981-C0869AEBA5C1}.Debug|x64.ActiveCfg = Debug|x64
		{5AE70DA2-C192-4DB8-B981-C0869AEBA5C1}.Debug|x64.Build.0 = Debug|x64
		{5AE70DA2-C192-4DB8-B981-C0869AEBA5C1}.Release|Any CPU.ActiveCfg = Release|Any CPU
		{5AE70DA2-C192-4DB8-B981-C0869AEBA5C1}.Release|Any CPU.Build.0 = Release|Any CPU
		{5AE70DA2-C192-4DB8-B981-C0869AEBA5C1}.Release|x64.ActiveCfg = Release|x64
		{5AE70DA2-C192-4DB8-B981-C0869AEBA5C1}.Release|x64.Build.0 = Release|x64
	EndGlobalSection
	GlobalSection(SolutionProperties) = preSolution
		HideSolutionNode = FALSE
	EndGlobalSection
	GlobalSection(ExtensibilityGlobals) = postSolution
		SolutionGuid = {94D01190-B433-4B69-9162-15AC5BEC67A8}
	EndGlobalSection
EndGlobal
